// !$*UTF8*$!
{
	archiveVersion = 1;
	classes = {
	};
	objectVersion = 50;
	objects = {

/* Begin PBXBuildFile section */
		22AA4FEC21AB319D00D3F021 /* AppDelegate.swift in Sources */ = {isa = PBXBuildFile; fileRef = 22AA4FEB21AB319D00D3F021 /* AppDelegate.swift */; };
		22AA4FEE21AB319D00D3F021 /* ViewController.swift in Sources */ = {isa = PBXBuildFile; fileRef = 22AA4FED21AB319D00D3F021 /* ViewController.swift */; };
		22AA4FF121AB319D00D3F021 /* Main.storyboard in Resources */ = {isa = PBXBuildFile; fileRef = 22AA4FEF21AB319D00D3F021 /* Main.storyboard */; };
		22AA4FF321AB319F00D3F021 /* Assets.xcassets in Resources */ = {isa = PBXBuildFile; fileRef = 22AA4FF221AB319F00D3F021 /* Assets.xcassets */; };
		22AA4FF621AB319F00D3F021 /* LaunchScreen.storyboard in Resources */ = {isa = PBXBuildFile; fileRef = 22AA4FF421AB319F00D3F021 /* LaunchScreen.storyboard */; };
/* End PBXBuildFile section */

/* Begin PBXFileReference section */
		22AA4FE821AB319D00D3F021 /* animals.app */ = {isa = PBXFileReference; explicitFileType = wrapper.application; includeInIndex = 0; path = animals.app; sourceTree = BUILT_PRODUCTS_DIR; };
		22AA4FEB21AB319D00D3F021 /* AppDelegate.swift */ = {isa = PBXFileReference; lastKnownFileType = sourcecode.swift; path = AppDelegate.swift; sourceTree = "<group>"; };
		22AA4FED21AB319D00D3F021 /* ViewController.swift */ = {isa = PBXFileReference; lastKnownFileType = sourcecode.swift; path = ViewController.swift; sourceTree = "<group>"; };
		22AA4FF021AB319D00D3F021 /* Base */ = {isa = PBXFileReference; lastKnownFileType = file.storyboard; name = Base; path = Base.lproj/Main.storyboard; sourceTree = "<group>"; };
		22AA4FF221AB319F00D3F021 /* Assets.xcassets */ = {isa = PBXFileReference; lastKnownFileType = folder.assetcatalog; path = Assets.xcassets; sourceTree = "<group>"; };
		22AA4FF521AB319F00D3F021 /* Base */ = {isa = PBXFileReference; lastKnownFileType = file.storyboard; name = Base; path = Base.lproj/LaunchScreen.storyboard; sourceTree = "<group>"; };
		22AA4FF721AB319F00D3F021 /* Info.plist */ = {isa = PBXFileReference; lastKnownFileType = text.plist.xml; path = Info.plist; sourceTree = "<group>"; };
/* End PBXFileReference section */

/* Begin PBXFrameworksBuildPhase section */
		22AA4FE521AB319D00D3F021 /* Frameworks */ = {
			isa = PBXFrameworksBuildPhase;
			buildActionMask = 2147483647;
			files = (
			);
			runOnlyForDeploymentPostprocessing = 0;
		};
/* End PBXFrameworksBuildPhase section */

/* Begin PBXGroup section */
		22AA4FDF21AB319D00D3F021 = {
			isa = PBXGroup;
			children = (
				22AA4FEA21AB319D00D3F021 /* animals */,
				22AA4FE921AB319D00D3F021 /* Products */,
			);
			sourceTree = "<group>";
		};
		22AA4FE921AB319D00D3F021 /* Products */ = {
			isa = PBXGroup;
			children = (
				22AA4FE821AB319D00D3F021 /* animals.app */,
			);
			name = Products;
			sourceTree = "<group>";
		};
		22AA4FEA21AB319D00D3F021 /* animals */ = {
			isa = PBXGroup;
			children = (
				22AA4FEB21AB319D00D3F021 /* AppDelegate.swift */,
				22AA4FED21AB319D00D3F021 /* ViewController.swift */,
				22AA4FEF21AB319D00D3F021 /* Main.storyboard */,
				22AA4FF221AB319F00D3F021 /* Assets.xcassets */,
				22AA4FF421AB319F00D3F021 /* LaunchScreen.storyboard */,
				22AA4FF721AB319F00D3F021 /* Info.plist */,
			);
			path = animals;
			sourceTree = "<group>";
		};
/* End PBXGroup section */

/* Begin PBXNativeTarget section */
		22AA4FE721AB319D00D3F021 /* animals */ = {
			isa = PBXNativeTarget;
			buildConfigurationList = 22AA4FFA21AB319F00D3F021 /* Build configuration list for PBXNativeTarget "animals" */;
			buildPhases = (
				22AA4FE421AB319D00D3F021 /* Sources */,
				22AA4FE521AB319D00D3F021 /* Frameworks */,
				22AA4FE621AB319D00D3F021 /* Resources */,
			);
			buildRules = (
			);
			dependencies = (
			);
			name = animals;
			productName = animals;
			productReference = 22AA4FE821AB319D00D3F021 /* animals.app */;
			productType = "com.apple.product-type.application";
		};
/* End PBXNativeTarget section */

/* Begin PBXProject section */
		22AA4FE021AB319D00D3F021 /* Project object */ = {
			isa = PBXProject;
			attributes = {
				LastSwiftUpdateCheck = 1000;
				LastUpgradeCheck = 1000;
				ORGANIZATIONNAME = LILI;
				TargetAttributes = {
					22AA4FE721AB319D00D3F021 = {
						CreatedOnToolsVersion = 10.0;
					};
				};
			};
			buildConfigurationList = 22AA4FE321AB319D00D3F021 /* Build configuration list for PBXProject "animals" */;
			compatibilityVersion = "Xcode 9.3";
			developmentRegion = en;
			hasScannedForEncodings = 0;
			knownRegions = (
				en,
				Base,
			);
			mainGroup = 22AA4FDF21AB319D00D3F021;
			productRefGroup = 22AA4FE921AB319D00D3F021 /* Products */;
			projectDirPath = "";
			projectRoot = "";
			targets = (
				22AA4FE721AB319D00D3F021 /* animals */,
			);
		};
/* End PBXProject section */

/* Begin PBXResourcesBuildPhase section */
		22AA4FE621AB319D00D3F021 /* Resources */ = {
			isa = PBXResourcesBuildPhase;
			buildActionMask = 2147483647;
			files = (
				22AA4FF621AB319F00D3F021 /* LaunchScreen.storyboard in Resources */,
				22AA4FF321AB319F00D3F021 /* Assets.xcassets in Resources */,
				22AA4FF121AB319D00D3F021 /* Main.storyboard in Resources */,
			);
			runOnlyForDeploymentPostprocessing = 0;
		};
/* End PBXResourcesBuildPhase section */

/* Begin PBXSourcesBuildPhase section */
		22AA4FE421AB319D00D3F021 /* Sources */ = {
			isa = PBXSourcesBuildPhase;
			buildActionMask = 2147483647;
			files = (
				22AA4FEE21AB319D00D3F021 /* ViewController.swift in Sources */,
				22AA4FEC21AB319D00D3F021 /* AppDelegate.swift in Sources */,
			);
			runOnlyForDeploymentPostprocessing = 0;
		};
/* End PBXSourcesBuildPhase section */

/* Begin PBXVariantGroup section */
		22AA4FEF21AB319D00D3F021 /* Main.storyboard */ = {
			isa = PBXVariantGroup;
			children = (
				22AA4FF021AB319D00D3F021 /* Base */,
			);
			name = Main.storyboard;
			sourceTree = "<group>";
		};
		22AA4FF421AB319F00D3F021 /* LaunchScreen.storyboard */ = {
			isa = PBXVariantGroup;
			children = (
				22AA4FF521AB319F00D3F021 /* Base */,
			);
			name = LaunchScreen.storyboard;
			sourceTree = "<group>";
		};
/* End PBXVariantGroup section */

/* Begin XCBuildConfiguration section */
		22AA4FF821AB319F00D3F021 /* Debug */ = {
			isa = XCBuildConfiguration;
			buildSettings = {
				ALWAYS_SEARCH_USER_PATHS = NO;
				CLANG_ANALYZER_NONNULL = YES;
				CLANG_ANALYZER_NUMBER_OBJECT_CONVERSION = YES_AGGRESSIVE;
				CLANG_CXX_LANGUAGE_STANDARD = "gnu++14";
				CLANG_CXX_LIBRARY = "libc++";
				CLANG_ENABLE_MODULES = YES;
				CLANG_ENABLE_OBJC_ARC = YES;
				CLANG_ENABLE_OBJC_WEAK = YES;
				CLANG_WARN_BLOCK_CAPTURE_AUTORELEASING = YES;
				CLANG_WARN_BOOL_CONVERSION = YES;
				CLANG_WARN_COMMA = YES;
				CLANG_WARN_CONSTANT_CONVERSION = YES;
				CLANG_WARN_DEPRECATED_OBJC_IMPLEMENTATIONS = YES;
				CLANG_WARN_DIRECT_OBJC_ISA_USAGE = YES_ERROR;
				CLANG_WARN_DOCUMENTATION_COMMENTS = YES;
				CLANG_WARN_EMPTY_BODY = YES;
				CLANG_WARN_ENUM_CONVERSION = YES;
				CLANG_WARN_INFINITE_RECURSION = YES;
				CLANG_WARN_INT_CONVERSION = YES;
				CLANG_WARN_NON_LITERAL_NULL_CONVERSION = YES;
				CLANG_WARN_OBJC_IMPLICIT_RETAIN_SELF = YES;
				CLANG_WARN_OBJC_LITERAL_CONVERSION = YES;
				CLANG_WARN_OBJC_ROOT_CLASS = YES_ERROR;
				CLANG_WARN_RANGE_LOOP_ANALYSIS = YES;
				CLANG_WARN_STRICT_PROTOTYPES = YES;
				CLANG_WARN_SUSPICIOUS_MOVE = YES;
				CLANG_WARN_UNGUARDED_AVAILABILITY = YES_AGGRESSIVE;
				CLANG_WARN_UNREACHABLE_CODE = YES;
				CLANG_WARN__DUPLICATE_METHOD_MATCH = YES;
				CODE_SIGN_IDENTITY = "iPhone Developer";
				COPY_PHASE_STRIP = NO;
				DEBUG_INFORMATION_FORMAT = dwarf;
				ENABLE_STRICT_OBJC_MSGSEND = YES;
				ENABLE_TESTABILITY = YES;
				GCC_C_LANGUAGE_STANDARD = gnu11;
				GCC_DYNAMIC_NO_PIC = NO;
				GCC_NO_COMMON_BLOCKS = YES;
				GCC_OPTIMIZATION_LEVEL = 0;
				GCC_PREPROCESSOR_DEFINITIONS = (
					"DEBUG=1",
					"$(inherited)",
				);
				GCC_WARN_64_TO_32_BIT_CONVERSION = YES;
				GCC_WARN_ABOUT_RETURN_TYPE = YES_ERROR;
				GCC_WARN_UNDECLARED_SELECTOR = YES;
				GCC_WARN_UNINITIALIZED_AUTOS = YES_AGGRESSIVE;
				GCC_WARN_UNUSED_FUNCTION = YES;
				GCC_WARN_UNUSED_VARIABLE = YES;
				IPHONEOS_DEPLOYMENT_TARGET = 12.0;
				MTL_ENABLE_DEBUG_INFO = INCLUDE_SOURCE;
				MTL_FAST_MATH = YES;
				ONLY_ACTIVE_ARCH = YES;
				SDKROOT = iphoneos;
				SWIFT_ACTIVE_COMPILATION_CONDITIONS = DEBUG;
				SWIFT_OPTIMIZATION_LEVEL = "-Onone";
			};
			name = Debug;
		};
		22AA4FF921AB319F00D3F021 /* Release */ = {
			isa = XCBuildConfiguration;
			buildSettings = {
				ALWAYS_SEARCH_USER_PATHS = NO;
				CLANG_ANALYZER_NONNULL = YES;
				CLANG_ANALYZER_NUMBER_OBJECT_CONVERSION = YES_AGGRESSIVE;
				CLANG_CXX_LANGUAGE_STANDARD = "gnu++14";
				CLANG_CXX_LIBRARY = "libc++";
				CLANG_ENABLE_MODULES = YES;
				CLANG_ENABLE_OBJC_ARC = YES;
				CLANG_ENABLE_OBJC_WEAK = YES;
				CLANG_WARN_BLOCK_CAPTURE_AUTORELEASING = YES;
				CLANG_WARN_BOOL_CONVERSION = YES;
				CLANG_WARN_COMMA = YES;
				CLANG_WARN_CONSTANT_CONVERSION = YES;
				CLANG_WARN_DEPRECATED_OBJC_IMPLEMENTATIONS = YES;
				CLANG_WARN_DIRECT_OBJC_ISA_USAGE = YES_ERROR;
				CLANG_WARN_DOCUMENTATION_COMMENTS = YES;
				CLANG_WARN_EMPTY_BODY = YES;
				CLANG_WARN_ENUM_CONVERSION = YES;
				CLANG_WARN_INFINITE_RECURSION = YES;
				CLANG_WARN_INT_CONVERSION = YES;
				CLANG_WARN_NON_LITERAL_NULL_CONVERSION = YES;
				CLANG_WARN_OBJC_IMPLICIT_RETAIN_SELF = YES;
				CLANG_WARN_OBJC_LITERAL_CONVERSION = YES;
				CLANG_WARN_OBJC_ROOT_CLASS = YES_ERROR;
				CLANG_WARN_RANGE_LOOP_ANALYSIS = YES;
				CLANG_WARN_STRICT_PROTOTYPES = YES;
				CLANG_WARN_SUSPICIOUS_MOVE = YES;
				CLANG_WARN_UNGUARDED_AVAILABILITY = YES_AGGRESSIVE;
				CLANG_WARN_UNREACHABLE_CODE = YES;
				CLANG_WARN__DUPLICATE_METHOD_MATCH = YES;
				CODE_SIGN_IDENTITY = "iPhone Developer";
				COPY_PHASE_STRIP = NO;
				DEBUG_INFORMATION_FORMAT = "dwarf-with-dsym";
				ENABLE_NS_ASSERTIONS = NO;
				ENABLE_STRICT_OBJC_MSGSEND = YES;
				GCC_C_LANGUAGE_STANDARD = gnu11;
				GCC_NO_COMMON_BLOCKS = YES;
				GCC_WARN_64_TO_32_BIT_CONVERSION = YES;
				GCC_WARN_ABOUT_RETURN_TYPE = YES_ERROR;
				GCC_WARN_UNDECLARED_SELECTOR = YES;
				GCC_WARN_UNINITIALIZED_AUTOS = YES_AGGRESSIVE;
				GCC_WARN_UNUSED_FUNCTION = YES;
				GCC_WARN_UNUSED_VARIABLE = YES;
				IPHONEOS_DEPLOYMENT_TARGET = 12.0;
				MTL_ENABLE_DEBUG_INFO = NO;
				MTL_FAST_MATH = YES;
				SDKROOT = iphoneos;
				SWIFT_COMPILATION_MODE = wholemodule;
				SWIFT_OPTIMIZATION_LEVEL = "-O";
				VALIDATE_PRODUCT = YES;
			};
			name = Release;
		};
		22AA4FFB21AB319F00D3F021 /* Debug */ = {
			isa = XCBuildConfiguration;
			buildSettings = {
				ASSETCATALOG_COMPILER_APPICON_NAME = AppIcon;
				CODE_SIGN_STYLE = Automatic;
				DEVELOPMENT_TEAM = 6N8K56GN3V;
				INFOPLIST_FILE = animals/Info.plist;
				LD_RUNPATH_SEARCH_PATHS = (
					"$(inherited)",
					"@executable_path/Frameworks",
				);
				PRODUCT_BUNDLE_IDENTIFIER = swiftbook.animals;
				PRODUCT_NAME = "$(TARGET_NAME)";
				SWIFT_VERSION = 4.2;
				TARGETED_DEVICE_FAMILY = "1,2";
			};
			name = Debug;
		};
		22AA4FFC21AB319F00D3F021 /* Release */ = {
			isa = XCBuildConfiguration;
			buildSettings = {
				ASSETCATALOG_COMPILER_APPICON_NAME = AppIcon;
				CODE_SIGN_STYLE = Automatic;
				DEVELOPMENT_TEAM = 6N8K56GN3V;
				INFOPLIST_FILE = animals/Info.plist;
				LD_RUNPATH_SEARCH_PATHS = (
					"$(inherited)",
					"@executable_path/Frameworks",
				);
				PRODUCT_BUNDLE_IDENTIFIER = swiftbook.animals;
				PRODUCT_NAME = "$(TARGET_NAME)";
				SWIFT_VERSION = 4.2;
				TARGETED_DEVICE_FAMILY = "1,2";
			};
			name = Release;
		};
/* End XCBuildConfiguration section */

/* Begin XCConfigurationList section */
		22AA4FE321AB319D00D3F021 /* Build configuration list for PBXProject "animals" */ = {
			isa = XCConfigurationList;
			buildConfigurations = (
				22AA4FF821AB319F00D3F021 /* Debug */,
				22AA4FF921AB319F00D3F021 /* Release */,
			);
			defaultConfigurationIsVisible = 0;
			defaultConfigurationName = Release;
		};
		22AA4FFA21AB319F00D3F021 /* Build configuration list for PBXNativeTarget "animals" */ = {
			isa = XCConfigurationList;
			buildConfigurations = (
				22AA4FFB21AB319F00D3F021 /* Debug */,
				22AA4FFC21AB319F00D3F021 /* Release */,
			);
			defaultConfigurationIsVisible = 0;
			defaultConfigurationName = Release;
		};
/* End XCConfigurationList section */
	};
	rootObject = 22AA4FE021AB319D00D3F021 /* Project object */;
}
